# THIS IS AN AUTOGENERATED FILE. DO NOT EDIT THIS FILE DIRECTLY.
# yarn lockfile v1


"@babel/parser@^7.16.4":
  version "7.17.10"
  resolved "https://registry.yarnpkg.com/@babel/parser/-/parser-7.17.10.tgz#873b16db82a8909e0fbd7f115772f4b739f6ce78"
  integrity sha512-n2Q6i+fnJqzOaq2VkdXxy2TCPCWQZHiCo0XqmrCvDWcZQKRyZzYi4Z0yxlBuN0w+r2ZHmre+Q087DSrw3pbJDQ==

"@trysound/sax@0.2.0":
  version "0.2.0"
  resolved "https://registry.yarnpkg.com/@trysound/sax/-/sax-0.2.0.tgz#cccaab758af56761eb7bf37af6f03f326dd798ad"
  integrity sha512-L7z9BgrNEcYyUYtF+HaEfiS5ebkh9jXqbszz7pC0hRBPaatV0XjSD3+eHrpqFemQfgwiFF0QPIarnIihIDn7OA==

"@vitejs/plugin-vue@^2.3.3":
  version "2.3.3"
  resolved "https://registry.yarnpkg.com/@vitejs/plugin-vue/-/plugin-vue-2.3.3.tgz#fbf80cc039b82ac21a1acb0f0478de8f61fbf600"
  integrity sha512-SmQLDyhz+6lGJhPELsBdzXGc+AcaT8stgkbiTFGpXPe8Tl1tJaBw1A6pxDqDuRsVkD8uscrkx3hA7QDOoKYtyw==

"@vue/compiler-core@3.2.33":
  version "3.2.33"
  resolved "https://registry.yarnpkg.com/@vue/compiler-core/-/compiler-core-3.2.33.tgz#e915d59cce85898f5c5cfebe4c09e539278c3d59"
  integrity sha512-AAmr52ji3Zhk7IKIuigX2osWWsb2nQE5xsdFYjdnmtQ4gymmqXbjLvkSE174+fF3A3kstYrTgGkqgOEbsdLDpw==
  dependencies:
    "@babel/parser" "^7.16.4"
    "@vue/shared" "3.2.33"
    estree-walker "^2.0.2"
    source-map "^0.6.1"

"@vue/compiler-dom@3.2.33":
  version "3.2.33"
  resolved "https://registry.yarnpkg.com/@vue/compiler-dom/-/compiler-dom-3.2.33.tgz#6db84296f949f18e5d3e7fd5e80f943dbed7d5ec"
  integrity sha512-GhiG1C8X98Xz9QUX/RlA6/kgPBWJkjq0Rq6//5XTAGSYrTMBgcLpP9+CnlUg1TFxnnCVughAG+KZl28XJqw8uQ==
  dependencies:
    "@vue/compiler-core" "3.2.33"
    "@vue/shared" "3.2.33"

"@vue/compiler-sfc@3.2.33":
  version "3.2.33"
  resolved "https://registry.yarnpkg.com/@vue/compiler-sfc/-/compiler-sfc-3.2.33.tgz#7ce01dc947a8b76c099811dc6ca58494d4dc773d"
  integrity sha512-H8D0WqagCr295pQjUYyO8P3IejM3vEzeCO1apzByAEaAR/WimhMYczHfZVvlCE/9yBaEu/eu9RdiWr0kF8b71Q==
  dependencies:
    "@babel/parser" "^7.16.4"
    "@vue/compiler-core" "3.2.33"
    "@vue/compiler-dom" "3.2.33"
    "@vue/compiler-ssr" "3.2.33"
    "@vue/reactivity-transform" "3.2.33"
    "@vue/shared" "3.2.33"
    estree-walker "^2.0.2"
    magic-string "^0.25.7"
    postcss "^8.1.10"
    source-map "^0.6.1"

"@vue/compiler-ssr@3.2.33":
  version "3.2.33"
  resolved "https://registry.yarnpkg.com/@vue/compiler-ssr/-/compiler-ssr-3.2.33.tgz#3e820267e4eea48fde9519f006dedca3f5e42e71"
  integrity sha512-XQh1Xdk3VquDpXsnoCd7JnMoWec9CfAzQDQsaMcSU79OrrO2PNR0ErlIjm/mGq3GmBfkQjzZACV+7GhfRB8xMQ==
  dependencies:
    "@vue/compiler-dom" "3.2.33"
    "@vue/shared" "3.2.33"

"@vue/devtools-api@^6.0.0":
  version "6.1.4"
  resolved "https://registry.yarnpkg.com/@vue/devtools-api/-/devtools-api-6.1.4.tgz#b4aec2f4b4599e11ba774a50c67fa378c9824e53"
  integrity sha512-IiA0SvDrJEgXvVxjNkHPFfDx6SXw0b/TUkqMcDZWNg9fnCAHbTpoo59YfJ9QLFkwa3raau5vSlRVzMSLDnfdtQ==

"@vue/reactivity-transform@3.2.33":
  version "3.2.33"
  resolved "https://registry.yarnpkg.com/@vue/reactivity-transform/-/reactivity-transform-3.2.33.tgz#286063f44ca56150ae9b52f8346a26e5913fa699"
  integrity sha512-4UL5KOIvSQb254aqenW4q34qMXbfZcmEsV/yVidLUgvwYQQ/D21bGX3DlgPUGI3c4C+iOnNmDCkIxkILoX/Pyw==
  dependencies:
    "@babel/parser" "^7.16.4"
    "@vue/compiler-core" "3.2.33"
    "@vue/shared" "3.2.33"
    estree-walker "^2.0.2"
    magic-string "^0.25.7"

"@vue/reactivity@3.2.33":
  version "3.2.33"
  resolved "https://registry.yarnpkg.com/@vue/reactivity/-/reactivity-3.2.33.tgz#c84eedb5225138dbfc2472864c151d3efbb4b673"
  integrity sha512-62Sq0mp9/0bLmDuxuLD5CIaMG2susFAGARLuZ/5jkU1FCf9EDbwUuF+BO8Ub3Rbodx0ziIecM/NsmyjardBxfQ==
  dependencies:
    "@vue/shared" "3.2.33"

"@vue/runtime-core@3.2.33":
  version "3.2.33"
  resolved "https://registry.yarnpkg.com/@vue/runtime-core/-/runtime-core-3.2.33.tgz#2df8907c85c37c3419fbd1bdf1a2df097fa40df2"
  integrity sha512-N2D2vfaXsBPhzCV3JsXQa2NECjxP3eXgZlFqKh4tgakp3iX6LCGv76DLlc+IfFZq+TW10Y8QUfeihXOupJ1dGw==
  dependencies:
    "@vue/reactivity" "3.2.33"
    "@vue/shared" "3.2.33"

"@vue/runtime-dom@3.2.33":
  version "3.2.33"
  resolved "https://registry.yarnpkg.com/@vue/runtime-dom/-/runtime-dom-3.2.33.tgz#123b8969247029ea0d9c1983676d4706a962d848"
  integrity sha512-LSrJ6W7CZTSUygX5s8aFkraDWlO6K4geOwA3quFF2O+hC3QuAMZt/0Xb7JKE3C4JD4pFwCSO7oCrZmZ0BIJUnw==
  dependencies:
    "@vue/runtime-core" "3.2.33"
    "@vue/shared" "3.2.33"
    csstype "^2.6.8"

"@vue/server-renderer@3.2.33":
  version "3.2.33"
  resolved "https://registry.yarnpkg.com/@vue/server-renderer/-/server-renderer-3.2.33.tgz#4b45d6d2ae10ea4e3d2cf8e676804cf60f331979"
  integrity sha512-4jpJHRD4ORv8PlbYi+/MfP8ec1okz6rybe36MdpkDrGIdEItHEUyaHSKvz+ptNEyQpALmmVfRteHkU9F8vxOew==
  dependencies:
    "@vue/compiler-ssr" "3.2.33"
    "@vue/shared" "3.2.33"

"@vue/shared@3.2.33":
  version "3.2.33"
  resolved "https://registry.yarnpkg.com/@vue/shared/-/shared-3.2.33.tgz#69a8c99ceb37c1b031d5cc4aec2ff1dc77e1161e"
  integrity sha512-UBc1Pg1T3yZ97vsA2ueER0F6GbJebLHYlEi4ou1H5YL4KWvMOOWwpYo9/QpWq93wxKG6Wo13IY74Hcn/f7c7Bg==

asynckit@^0.4.0:
  version "0.4.0"
  resolved "https://registry.yarnpkg.com/asynckit/-/asynckit-0.4.0.tgz#c79ed97f7f34cb8f2ba1bc9790bcc366474b4b79"
  integrity sha1-x57Zf380y48robyXkLzDZkdLS3k=

axios@^0.27.2:
  version "0.27.2"
  resolved "https://registry.yarnpkg.com/axios/-/axios-0.27.2.tgz#207658cc8621606e586c85db4b41a750e756d972"
  integrity sha512-t+yRIyySRTp/wua5xEr+z1q60QmLq8ABsS5O9Me1AsE5dfKqgnCFzwiCZZ/cGNd1lq4/7akDWMxdhVlucjmnOQ==
  dependencies:
    follow-redirects "^1.14.9"
    form-data "^4.0.0"

boolbase@^1.0.0:
  version "1.0.0"
  resolved "https://registry.yarnpkg.com/boolbase/-/boolbase-1.0.0.tgz#68dff5fbe60c51eb37725ea9e3ed310dcc1e776e"
  integrity sha1-aN/1++YMUes3cl6p4+0xDcwed24=

browserslist@^4.0.0, browserslist@^4.16.6:
  version "4.20.3"
  resolved "https://registry.yarnpkg.com/browserslist/-/browserslist-4.20.3.tgz#eb7572f49ec430e054f56d52ff0ebe9be915f8bf"
  integrity sha512-NBhymBQl1zM0Y5dQT/O+xiLP9/rzOIQdKM/eMJBAq7yBgaB6krIYLGejrwVYnSHZdqjscB1SPuAjHwxjvN6Wdg==
  dependencies:
    caniuse-lite "^1.0.30001332"
    electron-to-chromium "^1.4.118"
    escalade "^3.1.1"
    node-releases "^2.0.3"
    picocolors "^1.0.0"

caniuse-api@^3.0.0:
  version "3.0.0"
  resolved "https://registry.yarnpkg.com/caniuse-api/-/caniuse-api-3.0.0.tgz#5e4d90e2274961d46291997df599e3ed008ee4c0"
  integrity sha512-bsTwuIg/BZZK/vreVTYYbSWoe2F+71P7K5QGEX+pT250DZbfU1MQ5prOKpPR+LL6uWKK3KMwMCAS74QB3Um1uw==
  dependencies:
    browserslist "^4.0.0"
    caniuse-lite "^1.0.0"
    lodash.memoize "^4.1.2"
    lodash.uniq "^4.5.0"

caniuse-lite@^1.0.0, caniuse-lite@^1.0.30001332:
  version "1.0.30001341"
  resolved "https://registry.yarnpkg.com/caniuse-lite/-/caniuse-lite-1.0.30001341.tgz#59590c8ffa8b5939cf4161f00827b8873ad72498"
  integrity sha512-2SodVrFFtvGENGCv0ChVJIDQ0KPaS1cg7/qtfMaICgeMolDdo/Z2OD32F0Aq9yl6F4YFwGPBS5AaPqNYiW4PoA==

colord@^2.9.1:
  version "2.9.2"
  resolved "https://registry.yarnpkg.com/colord/-/colord-2.9.2.tgz#25e2bacbbaa65991422c07ea209e2089428effb1"
  integrity sha512-Uqbg+J445nc1TKn4FoDPS6ZZqAvEDnwrH42yo8B40JSOgSLxMZ/gt3h4nmCtPLQeXhjJJkqBx7SCY35WnIixaQ==

combined-stream@^1.0.8:
  version "1.0.8"
  resolved "https://registry.yarnpkg.com/combined-stream/-/combined-stream-1.0.8.tgz#c3d45a8b34fd730631a110a8a2520682b31d5a7f"
  integrity sha512-FQN4MRfuJeHf7cBbBMJFXhKSDq+2kAArBlmRBvcvFE5BB1HZKXtSFASDhdlz9zOYwxh8lDdnvmMOe/+5cdoEdg==
  dependencies:
    delayed-stream "~1.0.0"

commander@^7.2.0:
  version "7.2.0"
  resolved "https://registry.yarnpkg.com/commander/-/commander-7.2.0.tgz#a36cb57d0b501ce108e4d20559a150a391d97ab7"
  integrity sha512-QrWXB+ZQSVPmIWIhtEO9H+gwHaMGYiF5ChvoJ+K9ZGHG/sVsa6yiesAD1GC/x46sET00Xlwo1u49RVVVzvcSkw==

css-declaration-sorter@^6.2.2:
  version "6.2.2"
  resolved "https://registry.yarnpkg.com/css-declaration-sorter/-/css-declaration-sorter-6.2.2.tgz#bfd2f6f50002d6a3ae779a87d3a0c5d5b10e0f02"
  integrity sha512-Ufadglr88ZLsrvS11gjeu/40Lw74D9Am/Jpr3LlYm5Q4ZP5KdlUhG+6u2EjyXeZcxmZ2h1ebCKngDjolpeLHpg==

css-select@^4.1.3:
  version "4.3.0"
  resolved "https://registry.yarnpkg.com/css-select/-/css-select-4.3.0.tgz#db7129b2846662fd8628cfc496abb2b59e41529b"
  integrity sha512-wPpOYtnsVontu2mODhA19JrqWxNsfdatRKd64kmpRbQgh1KtItko5sTnEpPdpSaJszTOhEMlF/RPz28qj4HqhQ==
  dependencies:
    boolbase "^1.0.0"
    css-what "^6.0.1"
    domhandler "^4.3.1"
    domutils "^2.8.0"
    nth-check "^2.0.1"

css-tree@^1.1.2, css-tree@^1.1.3:
  version "1.1.3"
  resolved "https://registry.yarnpkg.com/css-tree/-/css-tree-1.1.3.tgz#eb4870fb6fd7707327ec95c2ff2ab09b5e8db91d"
  integrity sha512-tRpdppF7TRazZrjJ6v3stzv93qxRcSsFmW6cX0Zm2NVKpxE1WV1HblnghVv9TreireHkqI/VDEsfolRF1p6y7Q==
  dependencies:
    mdn-data "2.0.14"
    source-map "^0.6.1"

css-what@^6.0.1:
  version "6.1.0"
  resolved "https://registry.yarnpkg.com/css-what/-/css-what-6.1.0.tgz#fb5effcf76f1ddea2c81bdfaa4de44e79bac70f4"
  integrity sha512-HTUrgRJ7r4dsZKU6GjmpfRK1O76h97Z8MfS1G0FozR+oF2kG6Vfe8JE6zwrkbxigziPHinCJ+gCPjA9EaBDtRw==

cssesc@^3.0.0:
  version "3.0.0"
  resolved "https://registry.yarnpkg.com/cssesc/-/cssesc-3.0.0.tgz#37741919903b868565e1c09ea747445cd18983ee"
  integrity sha512-/Tb/JcjK111nNScGob5MNtsntNM1aCNUDipB/TkwZFhyDrrE47SOx/18wF2bbjgc3ZzCSKW1T5nt5EbFoAz/Vg==

cssnano-preset-default@^5.2.7:
  version "5.2.7"
  resolved "https://registry.yarnpkg.com/cssnano-preset-default/-/cssnano-preset-default-5.2.7.tgz#791e3603fb8f1b46717ac53b47e3c418e950f5f3"
  integrity sha512-JiKP38ymZQK+zVKevphPzNSGHSlTI+AOwlasoSRtSVMUU285O7/6uZyd5NbW92ZHp41m0sSHe6JoZosakj63uA==
  dependencies:
    css-declaration-sorter "^6.2.2"
    cssnano-utils "^3.1.0"
    postcss-calc "^8.2.3"
    postcss-colormin "^5.3.0"
    postcss-convert-values "^5.1.0"
    postcss-discard-comments "^5.1.1"
    postcss-discard-duplicates "^5.1.0"
    postcss-discard-empty "^5.1.1"
    postcss-discard-overridden "^5.1.0"
    postcss-merge-longhand "^5.1.4"
    postcss-merge-rules "^5.1.1"
    postcss-minify-font-values "^5.1.0"
    postcss-minify-gradients "^5.1.1"
    postcss-minify-params "^5.1.2"
    postcss-minify-selectors "^5.2.0"
    postcss-normalize-charset "^5.1.0"
    postcss-normalize-display-values "^5.1.0"
    postcss-normalize-positions "^5.1.0"
    postcss-normalize-repeat-style "^5.1.0"
    postcss-normalize-string "^5.1.0"
    postcss-normalize-timing-functions "^5.1.0"
    postcss-normalize-unicode "^5.1.0"
    postcss-normalize-url "^5.1.0"
    postcss-normalize-whitespace "^5.1.1"
    postcss-ordered-values "^5.1.1"
    postcss-reduce-initial "^5.1.0"
    postcss-reduce-transforms "^5.1.0"
    postcss-svgo "^5.1.0"
    postcss-unique-selectors "^5.1.1"

cssnano-utils@^3.1.0:
  version "3.1.0"
  resolved "https://registry.yarnpkg.com/cssnano-utils/-/cssnano-utils-3.1.0.tgz#95684d08c91511edfc70d2636338ca37ef3a6861"
  integrity sha512-JQNR19/YZhz4psLX/rQ9M83e3z2Wf/HdJbryzte4a3NSuafyp9w/I4U+hx5C2S9g41qlstH7DEWnZaaj83OuEA==

cssnano@^5.1.7:
  version "5.1.7"
  resolved "https://registry.yarnpkg.com/cssnano/-/cssnano-5.1.7.tgz#99858bef6c76c9240f0cdc9239570bc7db8368be"
  integrity sha512-pVsUV6LcTXif7lvKKW9ZrmX+rGRzxkEdJuVJcp5ftUjWITgwam5LMZOgaTvUrWPkcORBey6he7JKb4XAJvrpKg==
  dependencies:
    cssnano-preset-default "^5.2.7"
    lilconfig "^2.0.3"
    yaml "^1.10.2"

csso@^4.2.0:
  version "4.2.0"
  resolved "https://registry.yarnpkg.com/csso/-/csso-4.2.0.tgz#ea3a561346e8dc9f546d6febedd50187cf389529"
  integrity sha512-wvlcdIbf6pwKEk7vHj8/Bkc0B4ylXZruLvOgs9doS5eOsOpuodOV2zJChSpkp+pRpYQLQMeF04nr3Z68Sta9jA==
  dependencies:
    css-tree "^1.1.2"

csstype@^2.6.8:
  version "2.6.20"
  resolved "https://registry.yarnpkg.com/csstype/-/csstype-2.6.20.tgz#9229c65ea0b260cf4d3d997cb06288e36a8d6dda"
  integrity sha512-/WwNkdXfckNgw6S5R125rrW8ez139lBHWouiBvX8dfMFtcn6V81REDqnH7+CRpRipfYlyU1CmOnOxrmGcFOjeA==

delayed-stream@~1.0.0:
  version "1.0.0"
  resolved "https://registry.yarnpkg.com/delayed-stream/-/delayed-stream-1.0.0.tgz#df3ae199acadfb7d440aaae0b29e2272b24ec619"
  integrity sha1-3zrhmayt+31ECqrgsp4icrJOxhk=

dom-serializer@^1.0.1:
  version "1.4.1"
  resolved "https://registry.yarnpkg.com/dom-serializer/-/dom-serializer-1.4.1.tgz#de5d41b1aea290215dc45a6dae8adcf1d32e2d30"
  integrity sha512-VHwB3KfrcOOkelEG2ZOfxqLZdfkil8PtJi4P8N2MMXucZq2yLp75ClViUlOVwyoHEDjYU433Aq+5zWP61+RGag==
  dependencies:
    domelementtype "^2.0.1"
    domhandler "^4.2.0"
    entities "^2.0.0"

domelementtype@^2.0.1, domelementtype@^2.2.0:
  version "2.3.0"
  resolved "https://registry.yarnpkg.com/domelementtype/-/domelementtype-2.3.0.tgz#5c45e8e869952626331d7aab326d01daf65d589d"
  integrity sha512-OLETBj6w0OsagBwdXnPdN0cnMfF9opN69co+7ZrbfPGrdpPVNBUj02spi6B1N7wChLQiPn4CSH/zJvXw56gmHw==

domhandler@^4.2.0, domhandler@^4.3.1:
  version "4.3.1"
  resolved "https://registry.yarnpkg.com/domhandler/-/domhandler-4.3.1.tgz#8d792033416f59d68bc03a5aa7b018c1ca89279c"
  integrity sha512-GrwoxYN+uWlzO8uhUXRl0P+kHE4GtVPfYzVLcUxPL7KNdHKj66vvlhiweIHqYYXWlw+T8iLMp42Lm67ghw4WMQ==
  dependencies:
    domelementtype "^2.2.0"

domutils@^2.8.0:
  version "2.8.0"
  resolved "https://registry.yarnpkg.com/domutils/-/domutils-2.8.0.tgz#4437def5db6e2d1f5d6ee859bd95ca7d02048135"
  integrity sha512-w96Cjofp72M5IIhpjgobBimYEfoPjx1Vx0BSX9P30WBdZW2WIKU0T1Bd0kz2eNZ9ikjKgHbEyKx8BB6H1L3h3A==
  dependencies:
    dom-serializer "^1.0.1"
    domelementtype "^2.2.0"
    domhandler "^4.2.0"

dotenv@^16.0.1:
  version "16.0.1"
  resolved "https://registry.yarnpkg.com/dotenv/-/dotenv-16.0.1.tgz#8f8f9d94876c35dac989876a5d3a82a267fdce1d"
  integrity sha512-1K6hR6wtk2FviQ4kEiSjFiH5rpzEVi8WW0x96aztHVMhEspNpc4DVOUTEHtEva5VThQ8IaBX1Pe4gSzpVVUsKQ==

electron-to-chromium@^1.4.118:
  version "1.4.137"
  resolved "https://registry.yarnpkg.com/electron-to-chromium/-/electron-to-chromium-1.4.137.tgz#186180a45617283f1c012284458510cd99d6787f"
  integrity sha512-0Rcpald12O11BUogJagX3HsCN3FE83DSqWjgXoHo5a72KUKMSfI39XBgJpgNNxS9fuGzytaFjE06kZkiVFy2qA==

entities@^2.0.0:
  version "2.2.0"
  resolved "https://registry.yarnpkg.com/entities/-/entities-2.2.0.tgz#098dc90ebb83d8dffa089d55256b351d34c4da55"
  integrity sha512-p92if5Nz619I0w+akJrLZH0MX0Pb5DX39XOwQTtXSdQQOaYH03S1uIQp4mhOZtAXrxq4ViO67YTiLBo2638o9A==

esbuild-android-64@0.14.39:
  version "0.14.39"
  resolved "https://registry.yarnpkg.com/esbuild-android-64/-/esbuild-android-64-0.14.39.tgz#09f12a372eed9743fd77ff6d889ac14f7b340c21"
  integrity sha512-EJOu04p9WgZk0UoKTqLId9VnIsotmI/Z98EXrKURGb3LPNunkeffqQIkjS2cAvidh+OK5uVrXaIP229zK6GvhQ==

esbuild-android-arm64@0.14.39:
  version "0.14.39"
  resolved "https://registry.yarnpkg.com/esbuild-android-arm64/-/esbuild-android-arm64-0.14.39.tgz#f608d00ea03fe26f3b1ab92a30f99220390f3071"
  integrity sha512-+twajJqO7n3MrCz9e+2lVOnFplRsaGRwsq1KL/uOy7xK7QdRSprRQcObGDeDZUZsacD5gUkk6OiHiYp6RzU3CA==

esbuild-darwin-64@0.14.39:
  version "0.14.39"
  resolved "https://registry.yarnpkg.com/esbuild-darwin-64/-/esbuild-darwin-64-0.14.39.tgz#31528daa75b4c9317721ede344195163fae3e041"
  integrity sha512-ImT6eUw3kcGcHoUxEcdBpi6LfTRWaV6+qf32iYYAfwOeV+XaQ/Xp5XQIBiijLeo+LpGci9M0FVec09nUw41a5g==

esbuild-darwin-arm64@0.14.39:
  version "0.14.39"
  resolved "https://registry.yarnpkg.com/esbuild-darwin-arm64/-/esbuild-darwin-arm64-0.14.39.tgz#247f770d86d90a215fa194f24f90e30a0bd97245"
  integrity sha512-/fcQ5UhE05OiT+bW5v7/up1bDsnvaRZPJxXwzXsMRrr7rZqPa85vayrD723oWMT64dhrgWeA3FIneF8yER0XTw==

esbuild-freebsd-64@0.14.39:
  version "0.14.39"
  resolved "https://registry.yarnpkg.com/esbuild-freebsd-64/-/esbuild-freebsd-64-0.14.39.tgz#479414d294905055eb396ebe455ed42213284ee0"
  integrity sha512-oMNH8lJI4wtgN5oxuFP7BQ22vgB/e3Tl5Woehcd6i2r6F3TszpCnNl8wo2d/KvyQ4zvLvCWAlRciumhQg88+kQ==

esbuild-freebsd-arm64@0.14.39:
  version "0.14.39"
  resolved "https://registry.yarnpkg.com/esbuild-freebsd-arm64/-/esbuild-freebsd-arm64-0.14.39.tgz#cedeb10357c88533615921ae767a67dc870a474c"
  integrity sha512-1GHK7kwk57ukY2yI4ILWKJXaxfr+8HcM/r/JKCGCPziIVlL+Wi7RbJ2OzMcTKZ1HpvEqCTBT/J6cO4ZEwW4Ypg==

esbuild-linux-32@0.14.39:
  version "0.14.39"
  resolved "https://registry.yarnpkg.com/esbuild-linux-32/-/esbuild-linux-32-0.14.39.tgz#d9f008c4322d771f3958f59c1eee5a05cdf92485"
  integrity sha512-g97Sbb6g4zfRLIxHgW2pc393DjnkTRMeq3N1rmjDUABxpx8SjocK4jLen+/mq55G46eE2TA0MkJ4R3SpKMu7dg==

esbuild-linux-64@0.14.39:
  version "0.14.39"
  resolved "https://registry.yarnpkg.com/esbuild-linux-64/-/esbuild-linux-64-0.14.39.tgz#ba58d7f66858913aeb1ab5c6bde1bbd824731795"
  integrity sha512-4tcgFDYWdI+UbNMGlua9u1Zhu0N5R6u9tl5WOM8aVnNX143JZoBZLpCuUr5lCKhnD0SCO+5gUyMfupGrHtfggQ==

esbuild-linux-arm64@0.14.39:
  version "0.14.39"
  resolved "https://registry.yarnpkg.com/esbuild-linux-arm64/-/esbuild-linux-arm64-0.14.39.tgz#708785a30072702b5b1c16b65cf9c25c51202529"
  integrity sha512-23pc8MlD2D6Px1mV8GMglZlKgwgNKAO8gsgsLLcXWSs9lQsCYkIlMo/2Ycfo5JrDIbLdwgP8D2vpfH2KcBqrDQ==

esbuild-linux-arm@0.14.39:
  version "0.14.39"
  resolved "https://registry.yarnpkg.com/esbuild-linux-arm/-/esbuild-linux-arm-0.14.39.tgz#4e8b5deaa7ab60d0d28fab131244ef82b40684f4"
  integrity sha512-t0Hn1kWVx5UpCzAJkKRfHeYOLyFnXwYynIkK54/h3tbMweGI7dj400D1k0Vvtj2u1P+JTRT9tx3AjtLEMmfVBQ==

esbuild-linux-mips64le@0.14.39:
  version "0.14.39"
  resolved "https://registry.yarnpkg.com/esbuild-linux-mips64le/-/esbuild-linux-mips64le-0.14.39.tgz#6f3bf3023f711084e5a1e8190487d2020f39f0f7"
  integrity sha512-epwlYgVdbmkuRr5n4es3B+yDI0I2e/nxhKejT9H0OLxFAlMkeQZxSpxATpDc9m8NqRci6Kwyb/SfmD1koG2Zuw==

esbuild-linux-ppc64le@0.14.39:
  version "0.14.39"
  resolved "https://registry.yarnpkg.com/esbuild-linux-ppc64le/-/esbuild-linux-ppc64le-0.14.39.tgz#900e718a4ea3f6aedde8424828eeefdd4b48d4b9"
  integrity sha512-W/5ezaq+rQiQBThIjLMNjsuhPHg+ApVAdTz2LvcuesZFMsJoQAW2hutoyg47XxpWi7aEjJGrkS26qCJKhRn3QQ==

esbuild-linux-riscv64@0.14.39:
  version "0.14.39"
  resolved "https://registry.yarnpkg.com/esbuild-linux-riscv64/-/esbuild-linux-riscv64-0.14.39.tgz#dcbff622fa37047a75d2ff7a1d8d2949d80277e4"
  integrity sha512-IS48xeokcCTKeQIOke2O0t9t14HPvwnZcy+5baG13Z1wxs9ZrC5ig5ypEQQh4QMKxURD5TpCLHw2W42CLuVZaA==

esbuild-linux-s390x@0.14.39:
  version "0.14.39"
  resolved "https://registry.yarnpkg.com/esbuild-linux-s390x/-/esbuild-linux-s390x-0.14.39.tgz#3f725a7945b419406c99d93744b28552561dcdfd"
  integrity sha512-zEfunpqR8sMomqXhNTFEKDs+ik7HC01m3M60MsEjZOqaywHu5e5682fMsqOlZbesEAAaO9aAtRBsU7CHnSZWyA==

esbuild-netbsd-64@0.14.39:
  version "0.14.39"
  resolved "https://registry.yarnpkg.com/esbuild-netbsd-64/-/esbuild-netbsd-64-0.14.39.tgz#e10e40b6a765798b90d4eb85901cc85c8b7ff85e"
  integrity sha512-Uo2suJBSIlrZCe4E0k75VDIFJWfZy+bOV6ih3T4MVMRJh1lHJ2UyGoaX4bOxomYN3t+IakHPyEoln1+qJ1qYaA==

esbuild-openbsd-64@0.14.39:
  version "0.14.39"
  resolved "https://registry.yarnpkg.com/esbuild-openbsd-64/-/esbuild-openbsd-64-0.14.39.tgz#935ec143f75ce10bd9cdb1c87fee00287eb0edbc"
  integrity sha512-secQU+EpgUPpYjJe3OecoeGKVvRMLeKUxSMGHnK+aK5uQM3n1FPXNJzyz1LHFOo0WOyw+uoCxBYdM4O10oaCAA==

esbuild-sunos-64@0.14.39:
  version "0.14.39"
  resolved "https://registry.yarnpkg.com/esbuild-sunos-64/-/esbuild-sunos-64-0.14.39.tgz#0e7aa82b022a2e6d55b0646738b2582c2d72c3c0"
  integrity sha512-qHq0t5gePEDm2nqZLb+35p/qkaXVS7oIe32R0ECh2HOdiXXkj/1uQI9IRogGqKkK+QjDG+DhwiUw7QoHur/Rwg==

esbuild-windows-32@0.14.39:
  version "0.14.39"
  resolved "https://registry.yarnpkg.com/esbuild-windows-32/-/esbuild-windows-32-0.14.39.tgz#3f1538241f31b538545f4b5841b248cac260fa35"
  integrity sha512-XPjwp2OgtEX0JnOlTgT6E5txbRp6Uw54Isorm3CwOtloJazeIWXuiwK0ONJBVb/CGbiCpS7iP2UahGgd2p1x+Q==

esbuild-windows-64@0.14.39:
  version "0.14.39"
  resolved "https://registry.yarnpkg.com/esbuild-windows-64/-/esbuild-windows-64-0.14.39.tgz#b100c59f96d3c2da2e796e42fee4900d755d3e03"
  integrity sha512-E2wm+5FwCcLpKsBHRw28bSYQw0Ikxb7zIMxw3OPAkiaQhLVr3dnVO8DofmbWhhf6b97bWzg37iSZ45ZDpLw7Ow==

esbuild-windows-arm64@0.14.39:
  version "0.14.39"
  resolved "https://registry.yarnpkg.com/esbuild-windows-arm64/-/esbuild-windows-arm64-0.14.39.tgz#00268517e665b33c89778d61f144e4256b39f631"
  integrity sha512-sBZQz5D+Gd0EQ09tZRnz/PpVdLwvp/ufMtJ1iDFYddDaPpZXKqPyaxfYBLs3ueiaksQ26GGa7sci0OqFzNs7KA==

esbuild@^0.14.27:
  version "0.14.39"
  resolved "https://registry.yarnpkg.com/esbuild/-/esbuild-0.14.39.tgz#c926b2259fe6f6d3a94f528fb42e103c5a6d909a"
  integrity sha512-2kKujuzvRWYtwvNjYDY444LQIA3TyJhJIX3Yo4+qkFlDDtGlSicWgeHVJqMUP/2sSfH10PGwfsj+O2ro1m10xQ==
  optionalDependencies:
    esbuild-android-64 "0.14.39"
    esbuild-android-arm64 "0.14.39"
    esbuild-darwin-64 "0.14.39"
    esbuild-darwin-arm64 "0.14.39"
    esbuild-freebsd-64 "0.14.39"
    esbuild-freebsd-arm64 "0.14.39"
    esbuild-linux-32 "0.14.39"
    esbuild-linux-64 "0.14.39"
    esbuild-linux-arm "0.14.39"
    esbuild-linux-arm64 "0.14.39"
    esbuild-linux-mips64le "0.14.39"
    esbuild-linux-ppc64le "0.14.39"
    esbuild-linux-riscv64 "0.14.39"
    esbuild-linux-s390x "0.14.39"
    esbuild-netbsd-64 "0.14.39"
    esbuild-openbsd-64 "0.14.39"
    esbuild-sunos-64 "0.14.39"
    esbuild-windows-32 "0.14.39"
    esbuild-windows-64 "0.14.39"
    esbuild-windows-arm64 "0.14.39"

escalade@^3.1.1:
  version "3.1.1"
  resolved "https://registry.yarnpkg.com/escalade/-/escalade-3.1.1.tgz#d8cfdc7000965c5a0174b4a82eaa5c0552742e40"
  integrity sha512-k0er2gUkLf8O0zKJiAhmkTnJlTvINGv7ygDNPbeIsX/TJjGJZHuh9B2UxbsaEkmlEo9MfhrSzmhIlhRlI2GXnw==

estree-walker@^2.0.2:
  version "2.0.2"
  resolved "https://registry.yarnpkg.com/estree-walker/-/estree-walker-2.0.2.tgz#52f010178c2a4c117a7757cfe942adb7d2da4cac"
  integrity sha512-Rfkk/Mp/DL7JVje3u18FxFujQlTNR2q6QfMSMB7AvCBx91NGj/ba3kCfza0f6dVDbw7YlRf/nDrn7pQrCCyQ/w==

follow-redirects@^1.14.9:
  version "1.15.0"
  resolved "https://registry.yarnpkg.com/follow-redirects/-/follow-redirects-1.15.0.tgz#06441868281c86d0dda4ad8bdaead2d02dca89d4"
  integrity sha512-aExlJShTV4qOUOL7yF1U5tvLCB0xQuudbf6toyYA0E/acBNw71mvjFTnLaRp50aQaYocMR0a/RMMBIHeZnGyjQ==

form-data@^4.0.0:
  version "4.0.0"
  resolved "https://registry.yarnpkg.com/form-data/-/form-data-4.0.0.tgz#93919daeaf361ee529584b9b31664dc12c9fa452"
  integrity sha512-ETEklSGi5t0QMZuiXoA/Q6vcnxcLQP5vdugSpuAyi6SVGi2clPPp+xgEhuMaHC+zGgn31Kd235W35f7Hykkaww==
  dependencies:
    asynckit "^0.4.0"
    combined-stream "^1.0.8"
    mime-types "^2.1.12"

fsevents@~2.3.2:
  version "2.3.2"
  resolved "https://registry.yarnpkg.com/fsevents/-/fsevents-2.3.2.tgz#8a526f78b8fdf4623b709e0b975c52c24c02fd1a"
  integrity sha512-xiqMQR4xAeHTuB9uWm+fFRcIOgKBMiOBP+eXiyT7jsgVCq1bkVygt00oASowB7EdtpOHaaPgKt812P9ab+DDKA==

function-bind@^1.1.1:
  version "1.1.1"
  resolved "https://registry.yarnpkg.com/function-bind/-/function-bind-1.1.1.tgz#a56899d3ea3c9bab874bb9773b7c5ede92f4895d"
  integrity sha512-yIovAzMX49sF8Yl58fSCWJ5svSLuaibPxXQJFLmBObTuCr0Mf1KiPopGM9NiFjiYBCbfaa2Fh6breQ6ANVTI0A==

has@^1.0.3:
  version "1.0.3"
  resolved "https://registry.yarnpkg.com/has/-/has-1.0.3.tgz#722d7cbfc1f6aa8241f16dd814e011e1f41e8796"
  integrity sha512-f2dvO0VU6Oej7RkWJGrehjbzMAjFp5/VKPp5tTpWIV4JHHZK1/BxbFRtf/siA2SWTe09caDmVtYYzWEIbBS4zw==
  dependencies:
    function-bind "^1.1.1"

is-core-module@^2.8.1:
  version "2.9.0"
  resolved "https://registry.yarnpkg.com/is-core-module/-/is-core-module-2.9.0.tgz#e1c34429cd51c6dd9e09e0799e396e27b19a9c69"
  integrity sha512-+5FPy5PnwmO3lvfMb0AsoPaBG+5KHUI0wYFXOtYPnVVVspTFUuMZNfNaNVRt3FZadstu2c8x23vykRW/NBoU6A==
  dependencies:
    has "^1.0.3"

lilconfig@^2.0.3:
  version "2.0.5"
  resolved "https://registry.yarnpkg.com/lilconfig/-/lilconfig-2.0.5.tgz#19e57fd06ccc3848fd1891655b5a447092225b25"
  integrity sha512-xaYmXZtTHPAw5m+xLN8ab9C+3a8YmV3asNSPOATITbtwrfbwaLJj8h66H1WMIpALCkqsIzK3h7oQ+PdX+LQ9Eg==

lodash.memoize@^4.1.2:
  version "4.1.2"
  resolved "https://registry.yarnpkg.com/lodash.memoize/-/lodash.memoize-4.1.2.tgz#bcc6c49a42a2840ed997f323eada5ecd182e0bfe"
  integrity sha1-vMbEmkKihA7Zl/Mj6tpezRguC/4=

lodash.uniq@^4.5.0:
  version "4.5.0"
  resolved "https://registry.yarnpkg.com/lodash.uniq/-/lodash.uniq-4.5.0.tgz#d0225373aeb652adc1bc82e4945339a842754773"
  integrity sha1-0CJTc662Uq3BvILklFM5qEJ1R3M=

magic-string@^0.25.7:
  version "0.25.9"
  resolved "https://registry.yarnpkg.com/magic-string/-/magic-string-0.25.9.tgz#de7f9faf91ef8a1c91d02c2e5314c8277dbcdd1c"
  integrity sha512-RmF0AsMzgt25qzqqLc1+MbHmhdx0ojF2Fvs4XnOqz2ZOBXzzkEwc/dJQZCYHAn7v1jbVOjAZfK8msRn4BxO4VQ==
  dependencies:
    sourcemap-codec "^1.4.8"

mdn-data@2.0.14:
  version "2.0.14"
  resolved "https://registry.yarnpkg.com/mdn-data/-/mdn-data-2.0.14.tgz#7113fc4281917d63ce29b43446f701e68c25ba50"
  integrity sha512-dn6wd0uw5GsdswPFfsgMp5NSB0/aDe6fK94YJV/AJDYXL6HVLWBsxeq7js7Ad+mU2K9LAlwpk6kN2D5mwCPVow==

mime-db@1.52.0:
  version "1.52.0"
  resolved "https://registry.yarnpkg.com/mime-db/-/mime-db-1.52.0.tgz#bbabcdc02859f4987301c856e3387ce5ec43bf70"
  integrity sha512-sPU4uV7dYlvtWJxwwxHD0PuihVNiE7TyAbQ5SWxDCB9mUYvOgroQOwYQQOKPJ8CIbE+1ETVlOoK1UC2nU3gYvg==

mime-types@^2.1.12:
  version "2.1.35"
  resolved "https://registry.yarnpkg.com/mime-types/-/mime-types-2.1.35.tgz#381a871b62a734450660ae3deee44813f70d959a"
  integrity sha512-ZDY+bPm5zTTF+YpCrAU9nK0UgICYPT0QtT1NZWFv4s++TNkcgVaT0g6+4R2uI4MjQjzysHB1zxuWL50hzaeXiw==
  dependencies:
    mime-db "1.52.0"

nanoid@^3.3.3:
  version "3.3.4"
  resolved "https://registry.yarnpkg.com/nanoid/-/nanoid-3.3.4.tgz#730b67e3cd09e2deacf03c027c81c9d9dbc5e8ab"
  integrity sha512-MqBkQh/OHTS2egovRtLk45wEyNXwF+cokD+1YPf9u5VfJiRdAiRwB2froX5Co9Rh20xs4siNPm8naNotSD6RBw==

node-releases@^2.0.3:
  version "2.0.4"
  resolved "https://registry.yarnpkg.com/node-releases/-/node-releases-2.0.4.tgz#f38252370c43854dc48aa431c766c6c398f40476"
  integrity sha512-gbMzqQtTtDz/00jQzZ21PQzdI9PyLYqUSvD0p3naOhX4odFji0ZxYdnVwPTxmSwkmxhcFImpozceidSG+AgoPQ==

normalize-url@^6.0.1:
  version "6.1.0"
  resolved "https://registry.yarnpkg.com/normalize-url/-/normalize-url-6.1.0.tgz#40d0885b535deffe3f3147bec877d05fe4c5668a"
  integrity sha512-DlL+XwOy3NxAQ8xuC0okPgK46iuVNAK01YN7RueYBqqFeGsBjV9XmCAzAdgt+667bCl5kPh9EqKKDwnaPG1I7A==

nth-check@^2.0.1:
  version "2.0.1"
  resolved "https://registry.yarnpkg.com/nth-check/-/nth-check-2.0.1.tgz#2efe162f5c3da06a28959fbd3db75dbeea9f0fc2"
  integrity sha512-it1vE95zF6dTT9lBsYbxvqh0Soy4SPowchj0UBGj/V6cTPnXXtQOPUbhZ6CmGzAD/rW22LQK6E96pcdJXk4A4w==
  dependencies:
    boolbase "^1.0.0"

path-parse@^1.0.7:
  version "1.0.7"
  resolved "https://registry.yarnpkg.com/path-parse/-/path-parse-1.0.7.tgz#fbc114b60ca42b30d9daf5858e4bd68bbedb6735"
  integrity sha512-LDJzPVEEEPR+y48z93A0Ed0yXb8pAByGWo/k5YYdYgpY2/2EsOsksJrq7lOHxryrVOn1ejG6oAp8ahvOIQD8sw==

picocolors@^1.0.0:
  version "1.0.0"
  resolved "https://registry.yarnpkg.com/picocolors/-/picocolors-1.0.0.tgz#cb5bdc74ff3f51892236eaf79d68bc44564ab81c"
  integrity sha512-1fygroTLlHu66zi26VoTDv8yRgm0Fccecssto+MhsZ0D/DGW2sm8E8AjW7NU5VVTRt5GxbeZ5qBuJr+HyLYkjQ==

pify@^2.3.0:
  version "2.3.0"
  resolved "https://registry.yarnpkg.com/pify/-/pify-2.3.0.tgz#ed141a6ac043a849ea588498e7dca8b15330e90c"
  integrity sha1-7RQaasBDqEnqWISY59yosVMw6Qw=

postcss-calc@^8.2.3:
  version "8.2.4"
  resolved "https://registry.yarnpkg.com/postcss-calc/-/postcss-calc-8.2.4.tgz#77b9c29bfcbe8a07ff6693dc87050828889739a5"
  integrity sha512-SmWMSJmB8MRnnULldx0lQIyhSNvuDl9HfrZkaqqE/WHAhToYsAvDq+yAsA/kIyINDszOp3Rh0GFoNuH5Ypsm3Q==
  dependencies:
    postcss-selector-parser "^6.0.9"
    postcss-value-parser "^4.2.0"

postcss-colormin@^5.3.0:
  version "5.3.0"
  resolved "https://registry.yarnpkg.com/postcss-colormin/-/postcss-colormin-5.3.0.tgz#3cee9e5ca62b2c27e84fce63affc0cfb5901956a"
  integrity sha512-WdDO4gOFG2Z8n4P8TWBpshnL3JpmNmJwdnfP2gbk2qBA8PWwOYcmjmI/t3CmMeL72a7Hkd+x/Mg9O2/0rD54Pg==
  dependencies:
    browserslist "^4.16.6"
    caniuse-api "^3.0.0"
    colord "^2.9.1"
    postcss-value-parser "^4.2.0"

postcss-convert-values@^5.1.0:
  version "5.1.0"
  resolved "https://registry.yarnpkg.com/postcss-convert-values/-/postcss-convert-values-5.1.0.tgz#f8d3abe40b4ce4b1470702a0706343eac17e7c10"
  integrity sha512-GkyPbZEYJiWtQB0KZ0X6qusqFHUepguBCNFi9t5JJc7I2OTXG7C0twbTLvCfaKOLl3rSXmpAwV7W5txd91V84g==
  dependencies:
    postcss-value-parser "^4.2.0"

postcss-discard-comments@^5.1.1:
  version "5.1.1"
  resolved "https://registry.yarnpkg.com/postcss-discard-comments/-/postcss-discard-comments-5.1.1.tgz#e90019e1a0e5b99de05f63516ce640bd0df3d369"
  integrity sha512-5JscyFmvkUxz/5/+TB3QTTT9Gi9jHkcn8dcmmuN68JQcv3aQg4y88yEHHhwFB52l/NkaJ43O0dbksGMAo49nfQ==

postcss-discard-duplicates@^5.1.0:
  version "5.1.0"
  resolved "https://registry.yarnpkg.com/postcss-discard-duplicates/-/postcss-discard-duplicates-5.1.0.tgz#9eb4fe8456706a4eebd6d3b7b777d07bad03e848"
  integrity sha512-zmX3IoSI2aoenxHV6C7plngHWWhUOV3sP1T8y2ifzxzbtnuhk1EdPwm0S1bIUNaJ2eNbWeGLEwzw8huPD67aQw==

postcss-discard-empty@^5.1.1:
  version "5.1.1"
  resolved "https://registry.yarnpkg.com/postcss-discard-empty/-/postcss-discard-empty-5.1.1.tgz#e57762343ff7f503fe53fca553d18d7f0c369c6c"
  integrity sha512-zPz4WljiSuLWsI0ir4Mcnr4qQQ5e1Ukc3i7UfE2XcrwKK2LIPIqE5jxMRxO6GbI3cv//ztXDsXwEWT3BHOGh3A==

postcss-discard-overridden@^5.1.0:
  version "5.1.0"
  resolved "https://registry.yarnpkg.com/postcss-discard-overridden/-/postcss-discard-overridden-5.1.0.tgz#7e8c5b53325747e9d90131bb88635282fb4a276e"
  integrity sha512-21nOL7RqWR1kasIVdKs8HNqQJhFxLsyRfAnUDm4Fe4t4mCWL9OJiHvlHPjcd8zc5Myu89b/7wZDnOSjFgeWRtw==

postcss-import@^14.1.0:
  version "14.1.0"
  resolved "https://registry.yarnpkg.com/postcss-import/-/postcss-import-14.1.0.tgz#a7333ffe32f0b8795303ee9e40215dac922781f0"
  integrity sha512-flwI+Vgm4SElObFVPpTIT7SU7R3qk2L7PyduMcokiaVKuWv9d/U+Gm/QAd8NDLuykTWTkcrjOeD2Pp1rMeBTGw==
  dependencies:
    postcss-value-parser "^4.0.0"
    read-cache "^1.0.0"
    resolve "^1.1.7"

postcss-merge-longhand@^5.1.4:
  version "5.1.4"
  resolved "https://registry.yarnpkg.com/postcss-merge-longhand/-/postcss-merge-longhand-5.1.4.tgz#0f46f8753989a33260efc47de9a0cdc571f2ec5c"
  integrity sha512-hbqRRqYfmXoGpzYKeW0/NCZhvNyQIlQeWVSao5iKWdyx7skLvCfQFGIUsP9NUs3dSbPac2IC4Go85/zG+7MlmA==
  dependencies:
    postcss-value-parser "^4.2.0"
    stylehacks "^5.1.0"

postcss-merge-rules@^5.1.1:
  version "5.1.1"
  resolved "https://registry.yarnpkg.com/postcss-merge-rules/-/postcss-merge-rules-5.1.1.tgz#d327b221cd07540bcc8d9ff84446d8b404d00162"
  integrity sha512-8wv8q2cXjEuCcgpIB1Xx1pIy8/rhMPIQqYKNzEdyx37m6gpq83mQQdCxgIkFgliyEnKvdwJf/C61vN4tQDq4Ww==
  dependencies:
    browserslist "^4.16.6"
    caniuse-api "^3.0.0"
    cssnano-utils "^3.1.0"
    postcss-selector-parser "^6.0.5"

postcss-minify-font-values@^5.1.0:
  version "5.1.0"
  resolved "https://registry.yarnpkg.com/postcss-minify-font-values/-/postcss-minify-font-values-5.1.0.tgz#f1df0014a726083d260d3bd85d7385fb89d1f01b"
  integrity sha512-el3mYTgx13ZAPPirSVsHqFzl+BBBDrXvbySvPGFnQcTI4iNslrPaFq4muTkLZmKlGk4gyFAYUBMH30+HurREyA==
  dependencies:
    postcss-value-parser "^4.2.0"

postcss-minify-gradients@^5.1.1:
  version "5.1.1"
  resolved "https://registry.yarnpkg.com/postcss-minify-gradients/-/postcss-minify-gradients-5.1.1.tgz#f1fe1b4f498134a5068240c2f25d46fcd236ba2c"
  integrity sha512-VGvXMTpCEo4qHTNSa9A0a3D+dxGFZCYwR6Jokk+/3oB6flu2/PnPXAh2x7x52EkY5xlIHLm+Le8tJxe/7TNhzw==
  dependencies:
    colord "^2.9.1"
    cssnano-utils "^3.1.0"
    postcss-value-parser "^4.2.0"

postcss-minify-params@^5.1.2:
  version "5.1.2"
  resolved "https://registry.yarnpkg.com/postcss-minify-params/-/postcss-minify-params-5.1.2.tgz#77e250780c64198289c954884ebe3ee4481c3b1c"
  integrity sha512-aEP+p71S/urY48HWaRHasyx4WHQJyOYaKpQ6eXl8k0kxg66Wt/30VR6/woh8THgcpRbonJD5IeD+CzNhPi1L8g==
  dependencies:
    browserslist "^4.16.6"
    cssnano-utils "^3.1.0"
    postcss-value-parser "^4.2.0"

postcss-minify-selectors@^5.2.0:
  version "5.2.0"
  resolved "https://registry.yarnpkg.com/postcss-minify-selectors/-/postcss-minify-selectors-5.2.0.tgz#17c2be233e12b28ffa8a421a02fc8b839825536c"
  integrity sha512-vYxvHkW+iULstA+ctVNx0VoRAR4THQQRkG77o0oa4/mBS0OzGvvzLIvHDv/nNEM0crzN2WIyFU5X7wZhaUK3RA==
  dependencies:
    postcss-selector-parser "^6.0.5"

postcss-nested@^5.0.6:
  version "5.0.6"
  resolved "https://registry.yarnpkg.com/postcss-nested/-/postcss-nested-5.0.6.tgz#466343f7fc8d3d46af3e7dba3fcd47d052a945bc"
  integrity sha512-rKqm2Fk0KbA8Vt3AdGN0FB9OBOMDVajMG6ZCf/GoHgdxUJ4sBFp0A/uMIRm+MJUdo33YXEtjqIz8u7DAp8B7DA==
  dependencies:
    postcss-selector-parser "^6.0.6"

postcss-normalize-charset@^5.1.0:
  version "5.1.0"
  resolved "https://registry.yarnpkg.com/postcss-normalize-charset/-/postcss-normalize-charset-5.1.0.tgz#9302de0b29094b52c259e9b2cf8dc0879879f0ed"
  integrity sha512-mSgUJ+pd/ldRGVx26p2wz9dNZ7ji6Pn8VWBajMXFf8jk7vUoSrZ2lt/wZR7DtlZYKesmZI680qjr2CeFF2fbUg==

postcss-normalize-display-values@^5.1.0:
  version "5.1.0"
  resolved "https://registry.yarnpkg.com/postcss-normalize-display-values/-/postcss-normalize-display-values-5.1.0.tgz#72abbae58081960e9edd7200fcf21ab8325c3da8"
  integrity sha512-WP4KIM4o2dazQXWmFaqMmcvsKmhdINFblgSeRgn8BJ6vxaMyaJkwAzpPpuvSIoG/rmX3M+IrRZEz2H0glrQNEA==
  dependencies:
    postcss-value-parser "^4.2.0"

postcss-normalize-positions@^5.1.0:
  version "5.1.0"
  resolved "https://registry.yarnpkg.com/postcss-normalize-positions/-/postcss-normalize-positions-5.1.0.tgz#902a7cb97cf0b9e8b1b654d4a43d451e48966458"
  integrity sha512-8gmItgA4H5xiUxgN/3TVvXRoJxkAWLW6f/KKhdsH03atg0cB8ilXnrB5PpSshwVu/dD2ZsRFQcR1OEmSBDAgcQ==
  dependencies:
    postcss-value-parser "^4.2.0"

postcss-normalize-repeat-style@^5.1.0:
  version "5.1.0"
  resolved "https://registry.yarnpkg.com/postcss-normalize-repeat-style/-/postcss-normalize-repeat-style-5.1.0.tgz#f6d6fd5a54f51a741cc84a37f7459e60ef7a6398"
  integrity sha512-IR3uBjc+7mcWGL6CtniKNQ4Rr5fTxwkaDHwMBDGGs1x9IVRkYIT/M4NelZWkAOBdV6v3Z9S46zqaKGlyzHSchw==
  dependencies:
    postcss-value-parser "^4.2.0"

postcss-normalize-string@^5.1.0:
  version "5.1.0"
  resolved "https://registry.yarnpkg.com/postcss-normalize-string/-/postcss-normalize-string-5.1.0.tgz#411961169e07308c82c1f8c55f3e8a337757e228"
  integrity sha512-oYiIJOf4T9T1N4i+abeIc7Vgm/xPCGih4bZz5Nm0/ARVJ7K6xrDlLwvwqOydvyL3RHNf8qZk6vo3aatiw/go3w==
  dependencies:
    postcss-value-parser "^4.2.0"

postcss-normalize-timing-functions@^5.1.0:
  version "5.1.0"
  resolved "https://registry.yarnpkg.com/postcss-normalize-timing-functions/-/postcss-normalize-timing-functions-5.1.0.tgz#d5614410f8f0b2388e9f240aa6011ba6f52dafbb"
  integrity sha512-DOEkzJ4SAXv5xkHl0Wa9cZLF3WCBhF3o1SKVxKQAa+0pYKlueTpCgvkFAHfk+Y64ezX9+nITGrDZeVGgITJXjg==
  dependencies:
    postcss-value-parser "^4.2.0"

postcss-normalize-unicode@^5.1.0:
  version "5.1.0"
  resolved "https://registry.yarnpkg.com/postcss-normalize-unicode/-/postcss-normalize-unicode-5.1.0.tgz#3d23aede35e160089a285e27bf715de11dc9db75"
  integrity sha512-J6M3MizAAZ2dOdSjy2caayJLQT8E8K9XjLce8AUQMwOrCvjCHv24aLC/Lps1R1ylOfol5VIDMaM/Lo9NGlk1SQ==
  dependencies:
    browserslist "^4.16.6"
    postcss-value-parser "^4.2.0"

postcss-normalize-url@^5.1.0:
  version "5.1.0"
  resolved "https://registry.yarnpkg.com/postcss-normalize-url/-/postcss-normalize-url-5.1.0.tgz#ed9d88ca82e21abef99f743457d3729a042adcdc"
  integrity sha512-5upGeDO+PVthOxSmds43ZeMeZfKH+/DKgGRD7TElkkyS46JXAUhMzIKiCa7BabPeIy3AQcTkXwVVN7DbqsiCew==
  dependencies:
    normalize-url "^6.0.1"
    postcss-value-parser "^4.2.0"

postcss-normalize-whitespace@^5.1.1:
  version "5.1.1"
  resolved "https://registry.yarnpkg.com/postcss-normalize-whitespace/-/postcss-normalize-whitespace-5.1.1.tgz#08a1a0d1ffa17a7cc6efe1e6c9da969cc4493cfa"
  integrity sha512-83ZJ4t3NUDETIHTa3uEg6asWjSBYL5EdkVB0sDncx9ERzOKBVJIUeDO9RyA9Zwtig8El1d79HBp0JEi8wvGQnA==
  dependencies:
    postcss-value-parser "^4.2.0"

postcss-ordered-values@^5.1.1:
  version "5.1.1"
  resolved "https://registry.yarnpkg.com/postcss-ordered-values/-/postcss-ordered-values-5.1.1.tgz#0b41b610ba02906a3341e92cab01ff8ebc598adb"
  integrity sha512-7lxgXF0NaoMIgyihL/2boNAEZKiW0+HkMhdKMTD93CjW8TdCy2hSdj8lsAo+uwm7EDG16Da2Jdmtqpedl0cMfw==
  dependencies:
    cssnano-utils "^3.1.0"
    postcss-value-parser "^4.2.0"

postcss-reduce-initial@^5.1.0:
  version "5.1.0"
  resolved "https://registry.yarnpkg.com/postcss-reduce-initial/-/postcss-reduce-initial-5.1.0.tgz#fc31659ea6e85c492fb2a7b545370c215822c5d6"
  integrity sha512-5OgTUviz0aeH6MtBjHfbr57tml13PuedK/Ecg8szzd4XRMbYxH4572JFG067z+FqBIf6Zp/d+0581glkvvWMFw==
  dependencies:
    browserslist "^4.16.6"
    caniuse-api "^3.0.0"

postcss-reduce-transforms@^5.1.0:
  version "5.1.0"
  resolved "https://registry.yarnpkg.com/postcss-reduce-transforms/-/postcss-reduce-transforms-5.1.0.tgz#333b70e7758b802f3dd0ddfe98bb1ccfef96b6e9"
  integrity sha512-2fbdbmgir5AvpW9RLtdONx1QoYG2/EtqpNQbFASDlixBbAYuTcJ0dECwlqNqH7VbaUnEnh8SrxOe2sRIn24XyQ==
  dependencies:
    postcss-value-parser "^4.2.0"

postcss-selector-parser@^6.0.4, postcss-selector-parser@^6.0.5, postcss-selector-parser@^6.0.6, postcss-selector-parser@^6.0.9:
  version "6.0.10"
  resolved "https://registry.yarnpkg.com/postcss-selector-parser/-/postcss-selector-parser-6.0.10.tgz#79b61e2c0d1bfc2602d549e11d0876256f8df88d"
  integrity sha512-IQ7TZdoaqbT+LCpShg46jnZVlhWD2w6iQYAcYXfHARZ7X1t/UGhhceQDs5X0cGqKvYlHNOuv7Oa1xmb0oQuA3w==
  dependencies:
    cssesc "^3.0.0"
    util-deprecate "^1.0.2"

postcss-svgo@^5.1.0:
  version "5.1.0"
  resolved "https://registry.yarnpkg.com/postcss-svgo/-/postcss-svgo-5.1.0.tgz#0a317400ced789f233a28826e77523f15857d80d"
  integrity sha512-D75KsH1zm5ZrHyxPakAxJWtkyXew5qwS70v56exwvw542d9CRtTo78K0WeFxZB4G7JXKKMbEZtZayTGdIky/eA==
  dependencies:
    postcss-value-parser "^4.2.0"
    svgo "^2.7.0"

postcss-unique-selectors@^5.1.1:
  version "5.1.1"
  resolved "https://registry.yarnpkg.com/postcss-unique-selectors/-/postcss-unique-selectors-5.1.1.tgz#a9f273d1eacd09e9aa6088f4b0507b18b1b541b6"
  integrity sha512-5JiODlELrz8L2HwxfPnhOWZYWDxVHWL83ufOv84NrcgipI7TaeRsatAhK4Tr2/ZiYldpK/wBvw5BD3qfaK96GA==
  dependencies:
    postcss-selector-parser "^6.0.5"

postcss-value-parser@^4.0.0, postcss-value-parser@^4.2.0:
  version "4.2.0"
  resolved "https://registry.yarnpkg.com/postcss-value-parser/-/postcss-value-parser-4.2.0.tgz#723c09920836ba6d3e5af019f92bc0971c02e514"
  integrity sha512-1NNCs6uurfkVbeXG4S8JFT9t19m45ICnif8zWLd5oPSZ50QnwMfK+H3jv408d4jw/7Bttv5axS5IiHoLaVNHeQ==

postcss@^8.1.10, postcss@^8.4.13:
  version "8.4.13"
  resolved "https://registry.yarnpkg.com/postcss/-/postcss-8.4.13.tgz#7c87bc268e79f7f86524235821dfdf9f73e5d575"
  integrity sha512-jtL6eTBrza5MPzy8oJLFuUscHDXTV5KcLlqAWHl5q5WYRfnNRGSmOZmOZ1T6Gy7A99mOZfqungmZMpMmCVJ8ZA==
  dependencies:
    nanoid "^3.3.3"
    picocolors "^1.0.0"
    source-map-js "^1.0.2"

read-cache@^1.0.0:
  version "1.0.0"
  resolved "https://registry.yarnpkg.com/read-cache/-/read-cache-1.0.0.tgz#e664ef31161166c9751cdbe8dbcf86b5fb58f774"
  integrity sha1-5mTvMRYRZsl1HNvo28+GtftY93Q=
  dependencies:
    pify "^2.3.0"

resolve@^1.1.7, resolve@^1.22.0:
  version "1.22.0"
  resolved "https://registry.yarnpkg.com/resolve/-/resolve-1.22.0.tgz#5e0b8c67c15df57a89bdbabe603a002f21731198"
  integrity sha512-Hhtrw0nLeSrFQ7phPp4OOcVjLPIeMnRlr5mcnVuMe7M/7eBn98A3hmFRLoFo3DLZkivSYwhRUJTyPyWAk56WLw==
  dependencies:
    is-core-module "^2.8.1"
    path-parse "^1.0.7"
    supports-preserve-symlinks-flag "^1.0.0"

rollup@^2.59.0:
  version "2.73.0"
  resolved "https://registry.yarnpkg.com/rollup/-/rollup-2.73.0.tgz#128fef4b333fd92d02d6929afbb6ee38d7feb32d"
  integrity sha512-h/UngC3S4Zt28mB3g0+2YCMegT5yoftnQplwzPqGZcKvlld5e+kT/QRmJiL+qxGyZKOYpgirWGdLyEO1b0dpLQ==
  optionalDependencies:
    fsevents "~2.3.2"

source-map-js@^1.0.2:
  version "1.0.2"
  resolved "https://registry.yarnpkg.com/source-map-js/-/source-map-js-1.0.2.tgz#adbc361d9c62df380125e7f161f71c826f1e490c"
  integrity sha512-R0XvVJ9WusLiqTCEiGCmICCMplcCkIwwR11mOSD9CR5u+IXYdiseeEuXCVAjS54zqwkLcPNnmU4OeJ6tUrWhDw==

source-map@^0.6.1:
  version "0.6.1"
  resolved "https://registry.yarnpkg.com/source-map/-/source-map-0.6.1.tgz#74722af32e9614e9c287a8d0bbde48b5e2f1a263"
  integrity sha512-UjgapumWlbMhkBgzT7Ykc5YXUT46F0iKu8SGXq0bcwP5dz/h0Plj6enJqjz1Zbq2l5WaqYnrVbwWOWMyF3F47g==

sourcemap-codec@^1.4.8:
  version "1.4.8"
  resolved "https://registry.yarnpkg.com/sourcemap-codec/-/sourcemap-codec-1.4.8.tgz#ea804bd94857402e6992d05a38ef1ae35a9ab4c4"
  integrity sha512-9NykojV5Uih4lgo5So5dtw+f0JgJX30KCNI8gwhz2J9A15wD0Ml6tjHKwf6fTSa6fAdVBdZeNOs9eJ71qCk8vA==

stable@^0.1.8:
  version "0.1.8"
  resolved "https://registry.yarnpkg.com/stable/-/stable-0.1.8.tgz#836eb3c8382fe2936feaf544631017ce7d47a3cf"
  integrity sha512-ji9qxRnOVfcuLDySj9qzhGSEFVobyt1kIOSkj1qZzYLzq7Tos/oUUWvotUPQLlrsidqsK6tBH89Bc9kL5zHA6w==

stylehacks@^5.1.0:
  version "5.1.0"
  resolved "https://registry.yarnpkg.com/stylehacks/-/stylehacks-5.1.0.tgz#a40066490ca0caca04e96c6b02153ddc39913520"
  integrity sha512-SzLmvHQTrIWfSgljkQCw2++C9+Ne91d/6Sp92I8c5uHTcy/PgeHamwITIbBW9wnFTY/3ZfSXR9HIL6Ikqmcu6Q==
  dependencies:
    browserslist "^4.16.6"
    postcss-selector-parser "^6.0.4"

supports-preserve-symlinks-flag@^1.0.0:
  version "1.0.0"
  resolved "https://registry.yarnpkg.com/supports-preserve-symlinks-flag/-/supports-preserve-symlinks-flag-1.0.0.tgz#6eda4bd344a3c94aea376d4cc31bc77311039e09"
  integrity sha512-ot0WnXS9fgdkgIcePe6RHNk1WA8+muPa6cSjeR3V8K27q9BB1rTE3R1p7Hv0z1ZyAc8s6Vvv8DIyWf681MAt0w==

svgo@^2.7.0:
  version "2.8.0"
  resolved "https://registry.yarnpkg.com/svgo/-/svgo-2.8.0.tgz#4ff80cce6710dc2795f0c7c74101e6764cfccd24"
  integrity sha512-+N/Q9kV1+F+UeWYoSiULYo4xYSDQlTgb+ayMobAXPwMnLvop7oxKMo9OzIrX5x3eS4L4f2UHhc9axXwY8DpChg==
  dependencies:
    "@trysound/sax" "0.2.0"
    commander "^7.2.0"
    css-select "^4.1.3"
    css-tree "^1.1.3"
    csso "^4.2.0"
    picocolors "^1.0.0"
    stable "^0.1.8"

util-deprecate@^1.0.2:
  version "1.0.2"
  resolved "https://registry.yarnpkg.com/util-deprecate/-/util-deprecate-1.0.2.tgz#450d4dc9fa70de732762fbd2d4a28981419a0ccf"
  integrity sha1-RQ1Nyfpw3nMnYvvS1KKJgUGaDM8=

vite@^2.9.9:
  version "2.9.9"
  resolved "https://registry.yarnpkg.com/vite/-/vite-2.9.9.tgz#8b558987db5e60fedec2f4b003b73164cb081c5e"
  integrity sha512-ffaam+NgHfbEmfw/Vuh6BHKKlI/XIAhxE5QSS7gFLIngxg171mg1P3a4LSRME0z2ZU1ScxoKzphkipcYwSD5Ew==
  dependencies:
    esbuild "^0.14.27"
    postcss "^8.4.13"
    resolve "^1.22.0"
    rollup "^2.59.0"
  optionalDependencies:
    fsevents "~2.3.2"

vue-router@^4.0.15:
  version "4.0.15"
  resolved "https://registry.yarnpkg.com/vue-router/-/vue-router-4.0.15.tgz#b4a0661efe197f8c724e0f233308f8776e2c3667"
  integrity sha512-xa+pIN9ZqORdIW1MkN2+d9Ui2pCM1b/UMgwYUCZOiFYHAvz/slKKBDha8DLrh5aCG/RibtrpyhKjKOZ85tYyWg==
  dependencies:
    "@vue/devtools-api" "^6.0.0"

vue@^3.2.25:
  version "3.2.33"
  resolved "https://registry.yarnpkg.com/vue/-/vue-3.2.33.tgz#7867eb16a3293a28c4d190a837bc447878bd64c2"
  integrity sha512-si1ExAlDUrLSIg/V7D/GgA4twJwfsfgG+t9w10z38HhL/HA07132pUQ2KuwAo8qbCyMJ9e6OqrmWrOCr+jW7ZQ==
  dependencies:
    "@vue/compiler-dom" "3.2.33"
    "@vue/compiler-sfc" "3.2.33"
    "@vue/runtime-dom" "3.2.33"
    "@vue/server-renderer" "3.2.33"
    "@vue/shared" "3.2.33"

yaml@^1.10.2:
  version "1.10.2"
  resolved "https://registry.yarnpkg.com/yaml/-/yaml-1.10.2.tgz#2301c5ffbf12b467de8da2333a459e29e7920e4b"
  integrity sha512-r3vXyErRCYJ7wg28yvBY5VSoAF8ZvlcW9/BwUzEtUsjvX/DKs24dIkuwjtuprwJJHsbyUbLApepYTR1BN4uHrg==
